
Microsoft Visual Studio Solution File, Format Version 12.00
# Visual Studio Version 16
VisualStudioVersion = 16.0.29009.5
MinimumVisualStudioVersion = 10.0.40219.1
Project("{FAE04EC0-301F-11D3-BF4B-00C04F79EFBC}") = "Put_Torches", "Put_Torches\Put_Torches.csproj", "{3FB65F9B-9087-4E45-BDBA-D99D254C703C}"
EndProject
Global
	GlobalSection(SolutionConfigurationPlatforms) = preSolution
		Debug|Any CPU = Debug|Any CPU
		Release|Any CPU = Release|Any CPU
	EndGlobalSection
	GlobalSection(ProjectConfigurationPlatforms) = postSolution
		{3FB65F9B-9087-4E45-BDBA-D99D254C703C}.Debug|Any CPU.ActiveCfg = Debug|Any CPU
		{3FB65F9B-9087-4E45-BDBA-D99D254C703C}.Debug|Any CPU.Build.0 = Debug|Any CPU
		{3FB65F9B-9087-4E45-BDBA-D99D254C703C}.Release|Any CPU.ActiveCfg = Release|Any CPU
		{3FB65F9B-9087-4E45-BDBA-D99D254C703C}.Release|Any CPU.Build.0 = Release|Any CPU
	EndGlobalSection
	GlobalSection(SolutionProperties) = preSolution
		HideSolutionNode = FALSE
	EndGlobalSection
	GlobalSection(ExtensibilityGlobals) = postSolution
		SolutionGuid = {ADC491B8-A555-4EB1-8D2A-854B93E4398D}
	EndGlobalSection
EndGlobal
