
Microsoft Visual Studio Solution File, Format Version 12.00
# Visual Studio Version 16
VisualStudioVersion = 16.0.29519.87
MinimumVisualStudioVersion = 10.0.40219.1
Project("{FAE04EC0-301F-11D3-BF4B-00C04F79EFBC}") = "PictureConvert", "PictureConvert\PictureConvert.csproj", "{D37A7D0E-FFFD-4E54-9114-7814121B9D9F}"
EndProject
Global
	GlobalSection(SolutionConfigurationPlatforms) = preSolution
		Debug|Any CPU = Debug|Any CPU
		Release|Any CPU = Release|Any CPU
	EndGlobalSection
	GlobalSection(ProjectConfigurationPlatforms) = postSolution
		{D37A7D0E-FFFD-4E54-9114-7814121B9D9F}.Debug|Any CPU.ActiveCfg = Debug|Any CPU
		{D37A7D0E-FFFD-4E54-9114-7814121B9D9F}.Debug|Any CPU.Build.0 = Debug|Any CPU
		{D37A7D0E-FFFD-4E54-9114-7814121B9D9F}.Release|Any CPU.ActiveCfg = Release|Any CPU
		{D37A7D0E-FFFD-4E54-9114-7814121B9D9F}.Release|Any CPU.Build.0 = Release|Any CPU
	EndGlobalSection
	GlobalSection(SolutionProperties) = preSolution
		HideSolutionNode = FALSE
	EndGlobalSection
	GlobalSection(ExtensibilityGlobals) = postSolution
		SolutionGuid = {E82E685D-29E4-4554-B0BD-7D54FD8024AF}
	EndGlobalSection
EndGlobal
