
Microsoft Visual Studio Solution File, Format Version 12.00
# Visual Studio Version 16
VisualStudioVersion = 16.0.29009.5
MinimumVisualStudioVersion = 10.0.40219.1
Project("{FAE04EC0-301F-11D3-BF4B-00C04F79EFBC}") = "Telepote_Relative", "Telepote_Relative\Telepote_Relative.csproj", "{181E999A-9EB5-49F9-B052-CCD2181BE9B1}"
EndProject
Global
	GlobalSection(SolutionConfigurationPlatforms) = preSolution
		Debug|Any CPU = Debug|Any CPU
		Release|Any CPU = Release|Any CPU
	EndGlobalSection
	GlobalSection(ProjectConfigurationPlatforms) = postSolution
		{181E999A-9EB5-49F9-B052-CCD2181BE9B1}.Debug|Any CPU.ActiveCfg = Debug|Any CPU
		{181E999A-9EB5-49F9-B052-CCD2181BE9B1}.Debug|Any CPU.Build.0 = Debug|Any CPU
		{181E999A-9EB5-49F9-B052-CCD2181BE9B1}.Release|Any CPU.ActiveCfg = Release|Any CPU
		{181E999A-9EB5-49F9-B052-CCD2181BE9B1}.Release|Any CPU.Build.0 = Release|Any CPU
	EndGlobalSection
	GlobalSection(SolutionProperties) = preSolution
		HideSolutionNode = FALSE
	EndGlobalSection
	GlobalSection(ExtensibilityGlobals) = postSolution
		SolutionGuid = {4B0787A5-F52A-460E-B375-B9160B4ABC43}
	EndGlobalSection
EndGlobal
