
Microsoft Visual Studio Solution File, Format Version 12.00
# Visual Studio Version 16
VisualStudioVersion = 16.0.29519.87
MinimumVisualStudioVersion = 10.0.40219.1
Project("{9A19103F-16F7-4668-BE54-9A1E7A4F7556}") = "ProcessGetApp", "MacroMove\ProcessGetApp.csproj", "{2CA01499-6156-49FA-9889-37118ED7B216}"
EndProject
Project("{FAE04EC0-301F-11D3-BF4B-00C04F79EFBC}") = "AutoMove", "AutoMove\AutoMove.csproj", "{6C9E358D-357B-4D1A-9661-875027227314}"
EndProject
Global
	GlobalSection(SolutionConfigurationPlatforms) = preSolution
		Debug|Any CPU = Debug|Any CPU
		Release|Any CPU = Release|Any CPU
	EndGlobalSection
	GlobalSection(ProjectConfigurationPlatforms) = postSolution
		{2CA01499-6156-49FA-9889-37118ED7B216}.Debug|Any CPU.ActiveCfg = Debug|Any CPU
		{2CA01499-6156-49FA-9889-37118ED7B216}.Debug|Any CPU.Build.0 = Debug|Any CPU
		{2CA01499-6156-49FA-9889-37118ED7B216}.Release|Any CPU.ActiveCfg = Release|Any CPU
		{2CA01499-6156-49FA-9889-37118ED7B216}.Release|Any CPU.Build.0 = Release|Any CPU
		{6C9E358D-357B-4D1A-9661-875027227314}.Debug|Any CPU.ActiveCfg = Debug|Any CPU
		{6C9E358D-357B-4D1A-9661-875027227314}.Debug|Any CPU.Build.0 = Debug|Any CPU
		{6C9E358D-357B-4D1A-9661-875027227314}.Release|Any CPU.ActiveCfg = Release|Any CPU
		{6C9E358D-357B-4D1A-9661-875027227314}.Release|Any CPU.Build.0 = Release|Any CPU
	EndGlobalSection
	GlobalSection(SolutionProperties) = preSolution
		HideSolutionNode = FALSE
	EndGlobalSection
	GlobalSection(ExtensibilityGlobals) = postSolution
		SolutionGuid = {DD29B3EE-D98E-4CCA-B7FD-AFD36DCF3F30}
	EndGlobalSection
EndGlobal
