
Microsoft Visual Studio Solution File, Format Version 12.00
# Visual Studio Version 16
VisualStudioVersion = 16.0.29009.5
MinimumVisualStudioVersion = 10.0.40219.1
Project("{FAE04EC0-301F-11D3-BF4B-00C04F79EFBC}") = "Tallest_in_Range", "Tallest_in_Range\Tallest_in_Range.csproj", "{2C792E9D-D7D3-48C9-BCB5-B338C2ED48B8}"
EndProject
Global
	GlobalSection(SolutionConfigurationPlatforms) = preSolution
		Debug|Any CPU = Debug|Any CPU
		Release|Any CPU = Release|Any CPU
	EndGlobalSection
	GlobalSection(ProjectConfigurationPlatforms) = postSolution
		{2C792E9D-D7D3-48C9-BCB5-B338C2ED48B8}.Debug|Any CPU.ActiveCfg = Debug|Any CPU
		{2C792E9D-D7D3-48C9-BCB5-B338C2ED48B8}.Debug|Any CPU.Build.0 = Debug|Any CPU
		{2C792E9D-D7D3-48C9-BCB5-B338C2ED48B8}.Release|Any CPU.ActiveCfg = Release|Any CPU
		{2C792E9D-D7D3-48C9-BCB5-B338C2ED48B8}.Release|Any CPU.Build.0 = Release|Any CPU
	EndGlobalSection
	GlobalSection(SolutionProperties) = preSolution
		HideSolutionNode = FALSE
	EndGlobalSection
	GlobalSection(ExtensibilityGlobals) = postSolution
		SolutionGuid = {D9B06B59-38A4-4840-A62B-6922DE9BBAB4}
	EndGlobalSection
EndGlobal
