
Microsoft Visual Studio Solution File, Format Version 12.00
# Visual Studio Version 16
VisualStudioVersion = 16.0.29009.5
MinimumVisualStudioVersion = 10.0.40219.1
Project("{FAE04EC0-301F-11D3-BF4B-00C04F79EFBC}") = "Improvement_Torch", "Improvement_Torch\Improvement_Torch.csproj", "{77114824-1F60-43E6-B458-5986ECB6F4FC}"
EndProject
Global
	GlobalSection(SolutionConfigurationPlatforms) = preSolution
		Debug|Any CPU = Debug|Any CPU
		Release|Any CPU = Release|Any CPU
	EndGlobalSection
	GlobalSection(ProjectConfigurationPlatforms) = postSolution
		{77114824-1F60-43E6-B458-5986ECB6F4FC}.Debug|Any CPU.ActiveCfg = Debug|Any CPU
		{77114824-1F60-43E6-B458-5986ECB6F4FC}.Debug|Any CPU.Build.0 = Debug|Any CPU
		{77114824-1F60-43E6-B458-5986ECB6F4FC}.Release|Any CPU.ActiveCfg = Release|Any CPU
		{77114824-1F60-43E6-B458-5986ECB6F4FC}.Release|Any CPU.Build.0 = Release|Any CPU
	EndGlobalSection
	GlobalSection(SolutionProperties) = preSolution
		HideSolutionNode = FALSE
	EndGlobalSection
	GlobalSection(ExtensibilityGlobals) = postSolution
		SolutionGuid = {94729637-3140-4E64-BCAD-67C78C879D15}
	EndGlobalSection
EndGlobal
