
Microsoft Visual Studio Solution File, Format Version 12.00
# Visual Studio Version 16
VisualStudioVersion = 16.0.30114.105
MinimumVisualStudioVersion = 10.0.40219.1
Project("{D954291E-2A0B-460D-934E-DC6B0785DB48}") = "Uno_Minecraft.Shared", "Uno_Minecraft\Uno_Minecraft.Shared\Uno_Minecraft.Shared.shproj", "{6279C845-92F8-4333-AB99-3D213163593C}"
EndProject
Project("{FAE04EC0-301F-11D3-BF4B-00C04F79EFBC}") = "Uno_Minecraft.Droid", "Uno_Minecraft\Uno_Minecraft.Droid\Uno_Minecraft.Droid.csproj", "{19FF29D2-B4D9-410A-9D06-44252278F3EA}"
EndProject
Project("{FAE04EC0-301F-11D3-BF4B-00C04F79EFBC}") = "Uno_Minecraft.iOS", "Uno_Minecraft\Uno_Minecraft.iOS\Uno_Minecraft.iOS.csproj", "{2A439A47-AB90-4F01-B0DA-2BD0D716645C}"
EndProject
Project("{FAE04EC0-301F-11D3-BF4B-00C04F79EFBC}") = "Uno_Minecraft.UWP", "Uno_Minecraft\Uno_Minecraft.UWP\Uno_Minecraft.UWP.csproj", "{D7DF2235-4C14-45FA-9BA3-373932708CB0}"
EndProject
Project("{FAE04EC0-301F-11D3-BF4B-00C04F79EFBC}") = "Uno_Minecraft.Wasm", "Uno_Minecraft\Uno_Minecraft.Wasm\Uno_Minecraft.Wasm.csproj", "{C3B092EA-6FDD-4001-940D-06033F3BD631}"
EndProject
Project("{FAE04EC0-301F-11D3-BF4B-00C04F79EFBC}") = "Uno_Minecraft.macOS", "Uno_Minecraft\Uno_Minecraft.macOS\Uno_Minecraft.macOS.csproj", "{90935195-4732-4EC5-A7EE-7EC4DA2012FE}"
EndProject
Global
	GlobalSection(SharedMSBuildProjectFiles) = preSolution
		Uno_Minecraft\Uno_Minecraft.Shared\Uno_Minecraft.Shared.projitems*{19ff29d2-b4d9-410a-9d06-44252278f3ea}*SharedItemsImports = 4
		Uno_Minecraft\Uno_Minecraft.Shared\Uno_Minecraft.Shared.projitems*{2a439a47-ab90-4f01-b0da-2bd0d716645c}*SharedItemsImports = 4
		Uno_Minecraft\Uno_Minecraft.Shared\Uno_Minecraft.Shared.projitems*{6279c845-92f8-4333-ab99-3d213163593c}*SharedItemsImports = 13
		Uno_Minecraft\Uno_Minecraft.Shared\Uno_Minecraft.Shared.projitems*{90935195-4732-4ec5-a7ee-7ec4da2012fe}*SharedItemsImports = 4
		Uno_Minecraft\Uno_Minecraft.Shared\Uno_Minecraft.Shared.projitems*{c3b092ea-6fdd-4001-940d-06033f3bd631}*SharedItemsImports = 5
		Uno_Minecraft\Uno_Minecraft.Shared\Uno_Minecraft.Shared.projitems*{d7df2235-4c14-45fa-9ba3-373932708cb0}*SharedItemsImports = 4
	EndGlobalSection
	GlobalSection(SolutionConfigurationPlatforms) = preSolution
		Ad-Hoc|Any CPU = Ad-Hoc|Any CPU
		Ad-Hoc|ARM = Ad-Hoc|ARM
		Ad-Hoc|ARM64 = Ad-Hoc|ARM64
		Ad-Hoc|iPhone = Ad-Hoc|iPhone
		Ad-Hoc|iPhoneSimulator = Ad-Hoc|iPhoneSimulator
		Ad-Hoc|x64 = Ad-Hoc|x64
		Ad-Hoc|x86 = Ad-Hoc|x86
		AppStore|Any CPU = AppStore|Any CPU
		AppStore|ARM = AppStore|ARM
		AppStore|ARM64 = AppStore|ARM64
		AppStore|iPhone = AppStore|iPhone
		AppStore|iPhoneSimulator = AppStore|iPhoneSimulator
		AppStore|x64 = AppStore|x64
		AppStore|x86 = AppStore|x86
		Debug|Any CPU = Debug|Any CPU
		Debug|ARM = Debug|ARM
		Debug|ARM64 = Debug|ARM64
		Debug|iPhone = Debug|iPhone
		Debug|iPhoneSimulator = Debug|iPhoneSimulator
		Debug|x64 = Debug|x64
		Debug|x86 = Debug|x86
		Release|Any CPU = Release|Any CPU
		Release|ARM = Release|ARM
		Release|ARM64 = Release|ARM64
		Release|iPhone = Release|iPhone
		Release|iPhoneSimulator = Release|iPhoneSimulator
		Release|x64 = Release|x64
		Release|x86 = Release|x86
	EndGlobalSection
	GlobalSection(ProjectConfigurationPlatforms) = postSolution
		{19FF29D2-B4D9-410A-9D06-44252278F3EA}.Ad-Hoc|Any CPU.ActiveCfg = Release|Any CPU
		{19FF29D2-B4D9-410A-9D06-44252278F3EA}.Ad-Hoc|Any CPU.Build.0 = Release|Any CPU
		{19FF29D2-B4D9-410A-9D06-44252278F3EA}.Ad-Hoc|Any CPU.Deploy.0 = Release|Any CPU
		{19FF29D2-B4D9-410A-9D06-44252278F3EA}.Ad-Hoc|ARM.ActiveCfg = Release|Any CPU
		{19FF29D2-B4D9-410A-9D06-44252278F3EA}.Ad-Hoc|ARM.Build.0 = Release|Any CPU
		{19FF29D2-B4D9-410A-9D06-44252278F3EA}.Ad-Hoc|ARM.Deploy.0 = Release|Any CPU
		{19FF29D2-B4D9-410A-9D06-44252278F3EA}.Ad-Hoc|ARM64.ActiveCfg = Release|Any CPU
		{19FF29D2-B4D9-410A-9D06-44252278F3EA}.Ad-Hoc|ARM64.Build.0 = Release|Any CPU
		{19FF29D2-B4D9-410A-9D06-44252278F3EA}.Ad-Hoc|ARM64.Deploy.0 = Release|Any CPU
		{19FF29D2-B4D9-410A-9D06-44252278F3EA}.Ad-Hoc|iPhone.ActiveCfg = Release|Any CPU
		{19FF29D2-B4D9-410A-9D06-44252278F3EA}.Ad-Hoc|iPhone.Build.0 = Release|Any CPU
		{19FF29D2-B4D9-410A-9D06-44252278F3EA}.Ad-Hoc|iPhone.Deploy.0 = Release|Any CPU
		{19FF29D2-B4D9-410A-9D06-44252278F3EA}.Ad-Hoc|iPhoneSimulator.ActiveCfg = Release|Any CPU
		{19FF29D2-B4D9-410A-9D06-44252278F3EA}.Ad-Hoc|iPhoneSimulator.Build.0 = Release|Any CPU
		{19FF29D2-B4D9-410A-9D06-44252278F3EA}.Ad-Hoc|iPhoneSimulator.Deploy.0 = Release|Any CPU
		{19FF29D2-B4D9-410A-9D06-44252278F3EA}.Ad-Hoc|x64.ActiveCfg = Release|Any CPU
		{19FF29D2-B4D9-410A-9D06-44252278F3EA}.Ad-Hoc|x64.Build.0 = Release|Any CPU
		{19FF29D2-B4D9-410A-9D06-44252278F3EA}.Ad-Hoc|x64.Deploy.0 = Release|Any CPU
		{19FF29D2-B4D9-410A-9D06-44252278F3EA}.Ad-Hoc|x86.ActiveCfg = Release|Any CPU
		{19FF29D2-B4D9-410A-9D06-44252278F3EA}.Ad-Hoc|x86.Build.0 = Release|Any CPU
		{19FF29D2-B4D9-410A-9D06-44252278F3EA}.Ad-Hoc|x86.Deploy.0 = Release|Any CPU
		{19FF29D2-B4D9-410A-9D06-44252278F3EA}.AppStore|Any CPU.ActiveCfg = Release|Any CPU
		{19FF29D2-B4D9-410A-9D06-44252278F3EA}.AppStore|Any CPU.Build.0 = Release|Any CPU
		{19FF29D2-B4D9-410A-9D06-44252278F3EA}.AppStore|Any CPU.Deploy.0 = Release|Any CPU
		{19FF29D2-B4D9-410A-9D06-44252278F3EA}.AppStore|ARM.ActiveCfg = Release|Any CPU
		{19FF29D2-B4D9-410A-9D06-44252278F3EA}.AppStore|ARM.Build.0 = Release|Any CPU
		{19FF29D2-B4D9-410A-9D06-44252278F3EA}.AppStore|ARM.Deploy.0 = Release|Any CPU
		{19FF29D2-B4D9-410A-9D06-44252278F3EA}.AppStore|ARM64.ActiveCfg = Release|Any CPU
		{19FF29D2-B4D9-410A-9D06-44252278F3EA}.AppStore|ARM64.Build.0 = Release|Any CPU
		{19FF29D2-B4D9-410A-9D06-44252278F3EA}.AppStore|ARM64.Deploy.0 = Release|Any CPU
		{19FF29D2-B4D9-410A-9D06-44252278F3EA}.AppStore|iPhone.ActiveCfg = Release|Any CPU
		{19FF29D2-B4D9-410A-9D06-44252278F3EA}.AppStore|iPhone.Build.0 = Release|Any CPU
		{19FF29D2-B4D9-410A-9D06-44252278F3EA}.AppStore|iPhone.Deploy.0 = Release|Any CPU
		{19FF29D2-B4D9-410A-9D06-44252278F3EA}.AppStore|iPhoneSimulator.ActiveCfg = Release|Any CPU
		{19FF29D2-B4D9-410A-9D06-44252278F3EA}.AppStore|iPhoneSimulator.Build.0 = Release|Any CPU
		{19FF29D2-B4D9-410A-9D06-44252278F3EA}.AppStore|iPhoneSimulator.Deploy.0 = Release|Any CPU
		{19FF29D2-B4D9-410A-9D06-44252278F3EA}.AppStore|x64.ActiveCfg = Release|Any CPU
		{19FF29D2-B4D9-410A-9D06-44252278F3EA}.AppStore|x64.Build.0 = Release|Any CPU
		{19FF29D2-B4D9-410A-9D06-44252278F3EA}.AppStore|x64.Deploy.0 = Release|Any CPU
		{19FF29D2-B4D9-410A-9D06-44252278F3EA}.AppStore|x86.ActiveCfg = Release|Any CPU
		{19FF29D2-B4D9-410A-9D06-44252278F3EA}.AppStore|x86.Build.0 = Release|Any CPU
		{19FF29D2-B4D9-410A-9D06-44252278F3EA}.AppStore|x86.Deploy.0 = Release|Any CPU
		{19FF29D2-B4D9-410A-9D06-44252278F3EA}.Debug|Any CPU.ActiveCfg = Debug|Any CPU
		{19FF29D2-B4D9-410A-9D06-44252278F3EA}.Debug|Any CPU.Build.0 = Debug|Any CPU
		{19FF29D2-B4D9-410A-9D06-44252278F3EA}.Debug|Any CPU.Deploy.0 = Debug|Any CPU
		{19FF29D2-B4D9-410A-9D06-44252278F3EA}.Debug|ARM.ActiveCfg = Debug|Any CPU
		{19FF29D2-B4D9-410A-9D06-44252278F3EA}.Debug|ARM.Build.0 = Debug|Any CPU
		{19FF29D2-B4D9-410A-9D06-44252278F3EA}.Debug|ARM.Deploy.0 = Debug|Any CPU
		{19FF29D2-B4D9-410A-9D06-44252278F3EA}.Debug|ARM64.ActiveCfg = Debug|Any CPU
		{19FF29D2-B4D9-410A-9D06-44252278F3EA}.Debug|ARM64.Build.0 = Debug|Any CPU
		{19FF29D2-B4D9-410A-9D06-44252278F3EA}.Debug|ARM64.Deploy.0 = Debug|Any CPU
		{19FF29D2-B4D9-410A-9D06-44252278F3EA}.Debug|iPhone.ActiveCfg = Debug|Any CPU
		{19FF29D2-B4D9-410A-9D06-44252278F3EA}.Debug|iPhone.Build.0 = Debug|Any CPU
		{19FF29D2-B4D9-410A-9D06-44252278F3EA}.Debug|iPhone.Deploy.0 = Debug|Any CPU
		{19FF29D2-B4D9-410A-9D06-44252278F3EA}.Debug|iPhoneSimulator.ActiveCfg = Debug|Any CPU
		{19FF29D2-B4D9-410A-9D06-44252278F3EA}.Debug|iPhoneSimulator.Build.0 = Debug|Any CPU
		{19FF29D2-B4D9-410A-9D06-44252278F3EA}.Debug|iPhoneSimulator.Deploy.0 = Debug|Any CPU
		{19FF29D2-B4D9-410A-9D06-44252278F3EA}.Debug|x64.ActiveCfg = Debug|Any CPU
		{19FF29D2-B4D9-410A-9D06-44252278F3EA}.Debug|x64.Build.0 = Debug|Any CPU
		{19FF29D2-B4D9-410A-9D06-44252278F3EA}.Debug|x64.Deploy.0 = Debug|Any CPU
		{19FF29D2-B4D9-410A-9D06-44252278F3EA}.Debug|x86.ActiveCfg = Debug|Any CPU
		{19FF29D2-B4D9-410A-9D06-44252278F3EA}.Debug|x86.Build.0 = Debug|Any CPU
		{19FF29D2-B4D9-410A-9D06-44252278F3EA}.Debug|x86.Deploy.0 = Debug|Any CPU
		{19FF29D2-B4D9-410A-9D06-44252278F3EA}.Release|Any CPU.ActiveCfg = Release|Any CPU
		{19FF29D2-B4D9-410A-9D06-44252278F3EA}.Release|Any CPU.Build.0 = Release|Any CPU
		{19FF29D2-B4D9-410A-9D06-44252278F3EA}.Release|Any CPU.Deploy.0 = Release|Any CPU
		{19FF29D2-B4D9-410A-9D06-44252278F3EA}.Release|ARM.ActiveCfg = Release|Any CPU
		{19FF29D2-B4D9-410A-9D06-44252278F3EA}.Release|ARM.Build.0 = Release|Any CPU
		{19FF29D2-B4D9-410A-9D06-44252278F3EA}.Release|ARM.Deploy.0 = Release|Any CPU
		{19FF29D2-B4D9-410A-9D06-44252278F3EA}.Release|ARM64.ActiveCfg = Release|Any CPU
		{19FF29D2-B4D9-410A-9D06-44252278F3EA}.Release|ARM64.Build.0 = Release|Any CPU
		{19FF29D2-B4D9-410A-9D06-44252278F3EA}.Release|ARM64.Deploy.0 = Release|Any CPU
		{19FF29D2-B4D9-410A-9D06-44252278F3EA}.Release|iPhone.ActiveCfg = Release|Any CPU
		{19FF29D2-B4D9-410A-9D06-44252278F3EA}.Release|iPhone.Build.0 = Release|Any CPU
		{19FF29D2-B4D9-410A-9D06-44252278F3EA}.Release|iPhone.Deploy.0 = Release|Any CPU
		{19FF29D2-B4D9-410A-9D06-44252278F3EA}.Release|iPhoneSimulator.ActiveCfg = Release|Any CPU
		{19FF29D2-B4D9-410A-9D06-44252278F3EA}.Release|iPhoneSimulator.Build.0 = Release|Any CPU
		{19FF29D2-B4D9-410A-9D06-44252278F3EA}.Release|iPhoneSimulator.Deploy.0 = Release|Any CPU
		{19FF29D2-B4D9-410A-9D06-44252278F3EA}.Release|x64.ActiveCfg = Release|Any CPU
		{19FF29D2-B4D9-410A-9D06-44252278F3EA}.Release|x64.Build.0 = Release|Any CPU
		{19FF29D2-B4D9-410A-9D06-44252278F3EA}.Release|x64.Deploy.0 = Release|Any CPU
		{19FF29D2-B4D9-410A-9D06-44252278F3EA}.Release|x86.ActiveCfg = Release|Any CPU
		{19FF29D2-B4D9-410A-9D06-44252278F3EA}.Release|x86.Build.0 = Release|Any CPU
		{19FF29D2-B4D9-410A-9D06-44252278F3EA}.Release|x86.Deploy.0 = Release|Any CPU
		{2A439A47-AB90-4F01-B0DA-2BD0D716645C}.Ad-Hoc|Any CPU.ActiveCfg = Ad-Hoc|iPhone
		{2A439A47-AB90-4F01-B0DA-2BD0D716645C}.Ad-Hoc|ARM.ActiveCfg = Ad-Hoc|iPhone
		{2A439A47-AB90-4F01-B0DA-2BD0D716645C}.Ad-Hoc|ARM64.ActiveCfg = Ad-Hoc|iPhone
		{2A439A47-AB90-4F01-B0DA-2BD0D716645C}.Ad-Hoc|iPhone.ActiveCfg = Ad-Hoc|iPhone
		{2A439A47-AB90-4F01-B0DA-2BD0D716645C}.Ad-Hoc|iPhone.Build.0 = Ad-Hoc|iPhone
		{2A439A47-AB90-4F01-B0DA-2BD0D716645C}.Ad-Hoc|iPhoneSimulator.ActiveCfg = Ad-Hoc|iPhoneSimulator
		{2A439A47-AB90-4F01-B0DA-2BD0D716645C}.Ad-Hoc|iPhoneSimulator.Build.0 = Ad-Hoc|iPhoneSimulator
		{2A439A47-AB90-4F01-B0DA-2BD0D716645C}.Ad-Hoc|x64.ActiveCfg = Ad-Hoc|iPhone
		{2A439A47-AB90-4F01-B0DA-2BD0D716645C}.Ad-Hoc|x86.ActiveCfg = Ad-Hoc|iPhone
		{2A439A47-AB90-4F01-B0DA-2BD0D716645C}.AppStore|Any CPU.ActiveCfg = AppStore|iPhone
		{2A439A47-AB90-4F01-B0DA-2BD0D716645C}.AppStore|ARM.ActiveCfg = AppStore|iPhone
		{2A439A47-AB90-4F01-B0DA-2BD0D716645C}.AppStore|ARM64.ActiveCfg = AppStore|iPhone
		{2A439A47-AB90-4F01-B0DA-2BD0D716645C}.AppStore|iPhone.ActiveCfg = AppStore|iPhone
		{2A439A47-AB90-4F01-B0DA-2BD0D716645C}.AppStore|iPhone.Build.0 = AppStore|iPhone
		{2A439A47-AB90-4F01-B0DA-2BD0D716645C}.AppStore|iPhoneSimulator.ActiveCfg = AppStore|iPhoneSimulator
		{2A439A47-AB90-4F01-B0DA-2BD0D716645C}.AppStore|iPhoneSimulator.Build.0 = AppStore|iPhoneSimulator
		{2A439A47-AB90-4F01-B0DA-2BD0D716645C}.AppStore|x64.ActiveCfg = AppStore|iPhone
		{2A439A47-AB90-4F01-B0DA-2BD0D716645C}.AppStore|x86.ActiveCfg = AppStore|iPhone
		{2A439A47-AB90-4F01-B0DA-2BD0D716645C}.Debug|Any CPU.ActiveCfg = Debug|iPhone
		{2A439A47-AB90-4F01-B0DA-2BD0D716645C}.Debug|ARM.ActiveCfg = Debug|iPhone
		{2A439A47-AB90-4F01-B0DA-2BD0D716645C}.Debug|ARM64.ActiveCfg = Debug|iPhone
		{2A439A47-AB90-4F01-B0DA-2BD0D716645C}.Debug|iPhone.ActiveCfg = Debug|iPhone
		{2A439A47-AB90-4F01-B0DA-2BD0D716645C}.Debug|iPhone.Build.0 = Debug|iPhone
		{2A439A47-AB90-4F01-B0DA-2BD0D716645C}.Debug|iPhoneSimulator.ActiveCfg = Debug|iPhoneSimulator
		{2A439A47-AB90-4F01-B0DA-2BD0D716645C}.Debug|iPhoneSimulator.Build.0 = Debug|iPhoneSimulator
		{2A439A47-AB90-4F01-B0DA-2BD0D716645C}.Debug|x64.ActiveCfg = Debug|iPhone
		{2A439A47-AB90-4F01-B0DA-2BD0D716645C}.Debug|x86.ActiveCfg = Debug|iPhone
		{2A439A47-AB90-4F01-B0DA-2BD0D716645C}.Release|Any CPU.ActiveCfg = Release|iPhone
		{2A439A47-AB90-4F01-B0DA-2BD0D716645C}.Release|ARM.ActiveCfg = Release|iPhone
		{2A439A47-AB90-4F01-B0DA-2BD0D716645C}.Release|ARM64.ActiveCfg = Release|iPhone
		{2A439A47-AB90-4F01-B0DA-2BD0D716645C}.Release|iPhone.ActiveCfg = Release|iPhone
		{2A439A47-AB90-4F01-B0DA-2BD0D716645C}.Release|iPhone.Build.0 = Release|iPhone
		{2A439A47-AB90-4F01-B0DA-2BD0D716645C}.Release|iPhoneSimulator.ActiveCfg = Release|iPhoneSimulator
		{2A439A47-AB90-4F01-B0DA-2BD0D716645C}.Release|iPhoneSimulator.Build.0 = Release|iPhoneSimulator
		{2A439A47-AB90-4F01-B0DA-2BD0D716645C}.Release|x64.ActiveCfg = Release|iPhone
		{2A439A47-AB90-4F01-B0DA-2BD0D716645C}.Release|x86.ActiveCfg = Release|iPhone
		{D7DF2235-4C14-45FA-9BA3-373932708CB0}.Ad-Hoc|Any CPU.ActiveCfg = Release|x64
		{D7DF2235-4C14-45FA-9BA3-373932708CB0}.Ad-Hoc|Any CPU.Build.0 = Release|x64
		{D7DF2235-4C14-45FA-9BA3-373932708CB0}.Ad-Hoc|Any CPU.Deploy.0 = Release|x64
		{D7DF2235-4C14-45FA-9BA3-373932708CB0}.Ad-Hoc|ARM.ActiveCfg = Release|ARM
		{D7DF2235-4C14-45FA-9BA3-373932708CB0}.Ad-Hoc|ARM.Build.0 = Release|ARM
		{D7DF2235-4C14-45FA-9BA3-373932708CB0}.Ad-Hoc|ARM.Deploy.0 = Release|ARM
		{D7DF2235-4C14-45FA-9BA3-373932708CB0}.Ad-Hoc|ARM64.ActiveCfg = Release|ARM64
		{D7DF2235-4C14-45FA-9BA3-373932708CB0}.Ad-Hoc|ARM64.Build.0 = Release|ARM64
		{D7DF2235-4C14-45FA-9BA3-373932708CB0}.Ad-Hoc|ARM64.Deploy.0 = Release|ARM64
		{D7DF2235-4C14-45FA-9BA3-373932708CB0}.Ad-Hoc|iPhone.ActiveCfg = Release|x64
		{D7DF2235-4C14-45FA-9BA3-373932708CB0}.Ad-Hoc|iPhone.Build.0 = Release|x64
		{D7DF2235-4C14-45FA-9BA3-373932708CB0}.Ad-Hoc|iPhone.Deploy.0 = Release|x64
		{D7DF2235-4C14-45FA-9BA3-373932708CB0}.Ad-Hoc|iPhoneSimulator.ActiveCfg = Release|x64
		{D7DF2235-4C14-45FA-9BA3-373932708CB0}.Ad-Hoc|iPhoneSimulator.Build.0 = Release|x64
		{D7DF2235-4C14-45FA-9BA3-373932708CB0}.Ad-Hoc|iPhoneSimulator.Deploy.0 = Release|x64
		{D7DF2235-4C14-45FA-9BA3-373932708CB0}.Ad-Hoc|x64.ActiveCfg = Release|x64
		{D7DF2235-4C14-45FA-9BA3-373932708CB0}.Ad-Hoc|x64.Build.0 = Release|x64
		{D7DF2235-4C14-45FA-9BA3-373932708CB0}.Ad-Hoc|x64.Deploy.0 = Release|x64
		{D7DF2235-4C14-45FA-9BA3-373932708CB0}.Ad-Hoc|x86.ActiveCfg = Release|x86
		{D7DF2235-4C14-45FA-9BA3-373932708CB0}.Ad-Hoc|x86.Build.0 = Release|x86
		{D7DF2235-4C14-45FA-9BA3-373932708CB0}.Ad-Hoc|x86.Deploy.0 = Release|x86
		{D7DF2235-4C14-45FA-9BA3-373932708CB0}.AppStore|Any CPU.ActiveCfg = Release|x64
		{D7DF2235-4C14-45FA-9BA3-373932708CB0}.AppStore|Any CPU.Build.0 = Release|x64
		{D7DF2235-4C14-45FA-9BA3-373932708CB0}.AppStore|Any CPU.Deploy.0 = Release|x64
		{D7DF2235-4C14-45FA-9BA3-373932708CB0}.AppStore|ARM.ActiveCfg = Release|ARM
		{D7DF2235-4C14-45FA-9BA3-373932708CB0}.AppStore|ARM.Build.0 = Release|ARM
		{D7DF2235-4C14-45FA-9BA3-373932708CB0}.AppStore|ARM.Deploy.0 = Release|ARM
		{D7DF2235-4C14-45FA-9BA3-373932708CB0}.AppStore|ARM64.ActiveCfg = Release|ARM64
		{D7DF2235-4C14-45FA-9BA3-373932708CB0}.AppStore|ARM64.Build.0 = Release|ARM64
		{D7DF2235-4C14-45FA-9BA3-373932708CB0}.AppStore|ARM64.Deploy.0 = Release|ARM64
		{D7DF2235-4C14-45FA-9BA3-373932708CB0}.AppStore|iPhone.ActiveCfg = Release|x64
		{D7DF2235-4C14-45FA-9BA3-373932708CB0}.AppStore|iPhone.Build.0 = Release|x64
		{D7DF2235-4C14-45FA-9BA3-373932708CB0}.AppStore|iPhone.Deploy.0 = Release|x64
		{D7DF2235-4C14-45FA-9BA3-373932708CB0}.AppStore|iPhoneSimulator.ActiveCfg = Release|x64
		{D7DF2235-4C14-45FA-9BA3-373932708CB0}.AppStore|iPhoneSimulator.Build.0 = Release|x64
		{D7DF2235-4C14-45FA-9BA3-373932708CB0}.AppStore|iPhoneSimulator.Deploy.0 = Release|x64
		{D7DF2235-4C14-45FA-9BA3-373932708CB0}.AppStore|x64.ActiveCfg = Release|x64
		{D7DF2235-4C14-45FA-9BA3-373932708CB0}.AppStore|x64.Build.0 = Release|x64
		{D7DF2235-4C14-45FA-9BA3-373932708CB0}.AppStore|x64.Deploy.0 = Release|x64
		{D7DF2235-4C14-45FA-9BA3-373932708CB0}.AppStore|x86.ActiveCfg = Release|x86
		{D7DF2235-4C14-45FA-9BA3-373932708CB0}.AppStore|x86.Build.0 = Release|x86
		{D7DF2235-4C14-45FA-9BA3-373932708CB0}.AppStore|x86.Deploy.0 = Release|x86
		{D7DF2235-4C14-45FA-9BA3-373932708CB0}.Debug|Any CPU.ActiveCfg = Debug|x86
		{D7DF2235-4C14-45FA-9BA3-373932708CB0}.Debug|ARM.ActiveCfg = Debug|ARM
		{D7DF2235-4C14-45FA-9BA3-373932708CB0}.Debug|ARM.Build.0 = Debug|ARM
		{D7DF2235-4C14-45FA-9BA3-373932708CB0}.Debug|ARM.Deploy.0 = Debug|ARM
		{D7DF2235-4C14-45FA-9BA3-373932708CB0}.Debug|ARM64.ActiveCfg = Debug|ARM64
		{D7DF2235-4C14-45FA-9BA3-373932708CB0}.Debug|ARM64.Build.0 = Debug|ARM64
		{D7DF2235-4C14-45FA-9BA3-373932708CB0}.Debug|ARM64.Deploy.0 = Debug|ARM64
		{D7DF2235-4C14-45FA-9BA3-373932708CB0}.Debug|iPhone.ActiveCfg = Debug|x86
		{D7DF2235-4C14-45FA-9BA3-373932708CB0}.Debug|iPhoneSimulator.ActiveCfg = Debug|x86
		{D7DF2235-4C14-45FA-9BA3-373932708CB0}.Debug|x64.ActiveCfg = Debug|x64
		{D7DF2235-4C14-45FA-9BA3-373932708CB0}.Debug|x64.Build.0 = Debug|x64
		{D7DF2235-4C14-45FA-9BA3-373932708CB0}.Debug|x64.Deploy.0 = Debug|x64
		{D7DF2235-4C14-45FA-9BA3-373932708CB0}.Debug|x86.ActiveCfg = Debug|x86
		{D7DF2235-4C14-45FA-9BA3-373932708CB0}.Debug|x86.Build.0 = Debug|x86
		{D7DF2235-4C14-45FA-9BA3-373932708CB0}.Debug|x86.Deploy.0 = Debug|x86
		{D7DF2235-4C14-45FA-9BA3-373932708CB0}.Release|Any CPU.ActiveCfg = Release|x86
		{D7DF2235-4C14-45FA-9BA3-373932708CB0}.Release|ARM.ActiveCfg = Release|ARM
		{D7DF2235-4C14-45FA-9BA3-373932708CB0}.Release|ARM.Build.0 = Release|ARM
		{D7DF2235-4C14-45FA-9BA3-373932708CB0}.Release|ARM.Deploy.0 = Release|ARM
		{D7DF2235-4C14-45FA-9BA3-373932708CB0}.Release|ARM64.ActiveCfg = Release|ARM64
		{D7DF2235-4C14-45FA-9BA3-373932708CB0}.Release|ARM64.Build.0 = Release|ARM64
		{D7DF2235-4C14-45FA-9BA3-373932708CB0}.Release|ARM64.Deploy.0 = Release|ARM64
		{D7DF2235-4C14-45FA-9BA3-373932708CB0}.Release|iPhone.ActiveCfg = Release|x86
		{D7DF2235-4C14-45FA-9BA3-373932708CB0}.Release|iPhoneSimulator.ActiveCfg = Release|x86
		{D7DF2235-4C14-45FA-9BA3-373932708CB0}.Release|x64.ActiveCfg = Release|x64
		{D7DF2235-4C14-45FA-9BA3-373932708CB0}.Release|x64.Build.0 = Release|x64
		{D7DF2235-4C14-45FA-9BA3-373932708CB0}.Release|x64.Deploy.0 = Release|x64
		{D7DF2235-4C14-45FA-9BA3-373932708CB0}.Release|x86.ActiveCfg = Release|x86
		{D7DF2235-4C14-45FA-9BA3-373932708CB0}.Release|x86.Build.0 = Release|x86
		{D7DF2235-4C14-45FA-9BA3-373932708CB0}.Release|x86.Deploy.0 = Release|x86
		{C3B092EA-6FDD-4001-940D-06033F3BD631}.Ad-Hoc|Any CPU.ActiveCfg = Debug|Any CPU
		{C3B092EA-6FDD-4001-940D-06033F3BD631}.Ad-Hoc|Any CPU.Build.0 = Debug|Any CPU
		{C3B092EA-6FDD-4001-940D-06033F3BD631}.Ad-Hoc|ARM.ActiveCfg = Debug|Any CPU
		{C3B092EA-6FDD-4001-940D-06033F3BD631}.Ad-Hoc|ARM.Build.0 = Debug|Any CPU
		{C3B092EA-6FDD-4001-940D-06033F3BD631}.Ad-Hoc|ARM64.ActiveCfg = Debug|Any CPU
		{C3B092EA-6FDD-4001-940D-06033F3BD631}.Ad-Hoc|ARM64.Build.0 = Debug|Any CPU
		{C3B092EA-6FDD-4001-940D-06033F3BD631}.Ad-Hoc|iPhone.ActiveCfg = Debug|Any CPU
		{C3B092EA-6FDD-4001-940D-06033F3BD631}.Ad-Hoc|iPhone.Build.0 = Debug|Any CPU
		{C3B092EA-6FDD-4001-940D-06033F3BD631}.Ad-Hoc|iPhoneSimulator.ActiveCfg = Debug|Any CPU
		{C3B092EA-6FDD-4001-940D-06033F3BD631}.Ad-Hoc|iPhoneSimulator.Build.0 = Debug|Any CPU
		{C3B092EA-6FDD-4001-940D-06033F3BD631}.Ad-Hoc|x64.ActiveCfg = Debug|Any CPU
		{C3B092EA-6FDD-4001-940D-06033F3BD631}.Ad-Hoc|x64.Build.0 = Debug|Any CPU
		{C3B092EA-6FDD-4001-940D-06033F3BD631}.Ad-Hoc|x86.ActiveCfg = Debug|Any CPU
		{C3B092EA-6FDD-4001-940D-06033F3BD631}.Ad-Hoc|x86.Build.0 = Debug|Any CPU
		{C3B092EA-6FDD-4001-940D-06033F3BD631}.AppStore|Any CPU.ActiveCfg = Debug|Any CPU
		{C3B092EA-6FDD-4001-940D-06033F3BD631}.AppStore|Any CPU.Build.0 = Debug|Any CPU
		{C3B092EA-6FDD-4001-940D-06033F3BD631}.AppStore|ARM.ActiveCfg = Debug|Any CPU
		{C3B092EA-6FDD-4001-940D-06033F3BD631}.AppStore|ARM.Build.0 = Debug|Any CPU
		{C3B092EA-6FDD-4001-940D-06033F3BD631}.AppStore|ARM64.ActiveCfg = Debug|Any CPU
		{C3B092EA-6FDD-4001-940D-06033F3BD631}.AppStore|ARM64.Build.0 = Debug|Any CPU
		{C3B092EA-6FDD-4001-940D-06033F3BD631}.AppStore|iPhone.ActiveCfg = Debug|Any CPU
		{C3B092EA-6FDD-4001-940D-06033F3BD631}.AppStore|iPhone.Build.0 = Debug|Any CPU
		{C3B092EA-6FDD-4001-940D-06033F3BD631}.AppStore|iPhoneSimulator.ActiveCfg = Debug|Any CPU
		{C3B092EA-6FDD-4001-940D-06033F3BD631}.AppStore|iPhoneSimulator.Build.0 = Debug|Any CPU
		{C3B092EA-6FDD-4001-940D-06033F3BD631}.AppStore|x64.ActiveCfg = Debug|Any CPU
		{C3B092EA-6FDD-4001-940D-06033F3BD631}.AppStore|x64.Build.0 = Debug|Any CPU
		{C3B092EA-6FDD-4001-940D-06033F3BD631}.AppStore|x86.ActiveCfg = Debug|Any CPU
		{C3B092EA-6FDD-4001-940D-06033F3BD631}.AppStore|x86.Build.0 = Debug|Any CPU
		{C3B092EA-6FDD-4001-940D-06033F3BD631}.Debug|Any CPU.ActiveCfg = Debug|Any CPU
		{C3B092EA-6FDD-4001-940D-06033F3BD631}.Debug|Any CPU.Build.0 = Debug|Any CPU
		{C3B092EA-6FDD-4001-940D-06033F3BD631}.Debug|ARM.ActiveCfg = Debug|Any CPU
		{C3B092EA-6FDD-4001-940D-06033F3BD631}.Debug|ARM.Build.0 = Debug|Any CPU
		{C3B092EA-6FDD-4001-940D-06033F3BD631}.Debug|ARM64.ActiveCfg = Debug|Any CPU
		{C3B092EA-6FDD-4001-940D-06033F3BD631}.Debug|ARM64.Build.0 = Debug|Any CPU
		{C3B092EA-6FDD-4001-940D-06033F3BD631}.Debug|iPhone.ActiveCfg = Debug|Any CPU
		{C3B092EA-6FDD-4001-940D-06033F3BD631}.Debug|iPhone.Build.0 = Debug|Any CPU
		{C3B092EA-6FDD-4001-940D-06033F3BD631}.Debug|iPhoneSimulator.ActiveCfg = Debug|Any CPU
		{C3B092EA-6FDD-4001-940D-06033F3BD631}.Debug|iPhoneSimulator.Build.0 = Debug|Any CPU
		{C3B092EA-6FDD-4001-940D-06033F3BD631}.Debug|x64.ActiveCfg = Debug|Any CPU
		{C3B092EA-6FDD-4001-940D-06033F3BD631}.Debug|x64.Build.0 = Debug|Any CPU
		{C3B092EA-6FDD-4001-940D-06033F3BD631}.Debug|x86.ActiveCfg = Debug|Any CPU
		{C3B092EA-6FDD-4001-940D-06033F3BD631}.Debug|x86.Build.0 = Debug|Any CPU
		{C3B092EA-6FDD-4001-940D-06033F3BD631}.Release|Any CPU.ActiveCfg = Release|Any CPU
		{C3B092EA-6FDD-4001-940D-06033F3BD631}.Release|Any CPU.Build.0 = Release|Any CPU
		{C3B092EA-6FDD-4001-940D-06033F3BD631}.Release|ARM.ActiveCfg = Release|Any CPU
		{C3B092EA-6FDD-4001-940D-06033F3BD631}.Release|ARM.Build.0 = Release|Any CPU
		{C3B092EA-6FDD-4001-940D-06033F3BD631}.Release|ARM64.ActiveCfg = Release|Any CPU
		{C3B092EA-6FDD-4001-940D-06033F3BD631}.Release|ARM64.Build.0 = Release|Any CPU
		{C3B092EA-6FDD-4001-940D-06033F3BD631}.Release|iPhone.ActiveCfg = Release|Any CPU
		{C3B092EA-6FDD-4001-940D-06033F3BD631}.Release|iPhone.Build.0 = Release|Any CPU
		{C3B092EA-6FDD-4001-940D-06033F3BD631}.Release|iPhoneSimulator.ActiveCfg = Release|Any CPU
		{C3B092EA-6FDD-4001-940D-06033F3BD631}.Release|iPhoneSimulator.Build.0 = Release|Any CPU
		{C3B092EA-6FDD-4001-940D-06033F3BD631}.Release|x64.ActiveCfg = Release|Any CPU
		{C3B092EA-6FDD-4001-940D-06033F3BD631}.Release|x64.Build.0 = Release|Any CPU
		{C3B092EA-6FDD-4001-940D-06033F3BD631}.Release|x86.ActiveCfg = Release|Any CPU
		{C3B092EA-6FDD-4001-940D-06033F3BD631}.Release|x86.Build.0 = Release|Any CPU
		{90935195-4732-4EC5-A7EE-7EC4DA2012FE}.Ad-Hoc|Any CPU.ActiveCfg = Release|iPhoneSimulator
		{90935195-4732-4EC5-A7EE-7EC4DA2012FE}.Ad-Hoc|Any CPU.Build.0 = Release|iPhoneSimulator
		{90935195-4732-4EC5-A7EE-7EC4DA2012FE}.Ad-Hoc|ARM.ActiveCfg = Release|iPhoneSimulator
		{90935195-4732-4EC5-A7EE-7EC4DA2012FE}.Ad-Hoc|ARM.Build.0 = Release|iPhoneSimulator
		{90935195-4732-4EC5-A7EE-7EC4DA2012FE}.Ad-Hoc|ARM64.ActiveCfg = Release|iPhoneSimulator
		{90935195-4732-4EC5-A7EE-7EC4DA2012FE}.Ad-Hoc|ARM64.Build.0 = Release|iPhoneSimulator
		{90935195-4732-4EC5-A7EE-7EC4DA2012FE}.Ad-Hoc|iPhone.ActiveCfg = Release|iPhoneSimulator
		{90935195-4732-4EC5-A7EE-7EC4DA2012FE}.Ad-Hoc|iPhone.Build.0 = Release|iPhoneSimulator
		{90935195-4732-4EC5-A7EE-7EC4DA2012FE}.Ad-Hoc|iPhoneSimulator.ActiveCfg = Release|iPhoneSimulator
		{90935195-4732-4EC5-A7EE-7EC4DA2012FE}.Ad-Hoc|iPhoneSimulator.Build.0 = Release|iPhoneSimulator
		{90935195-4732-4EC5-A7EE-7EC4DA2012FE}.Ad-Hoc|x64.ActiveCfg = Release|iPhoneSimulator
		{90935195-4732-4EC5-A7EE-7EC4DA2012FE}.Ad-Hoc|x64.Build.0 = Release|iPhoneSimulator
		{90935195-4732-4EC5-A7EE-7EC4DA2012FE}.Ad-Hoc|x86.ActiveCfg = Release|iPhoneSimulator
		{90935195-4732-4EC5-A7EE-7EC4DA2012FE}.Ad-Hoc|x86.Build.0 = Release|iPhoneSimulator
		{90935195-4732-4EC5-A7EE-7EC4DA2012FE}.AppStore|Any CPU.ActiveCfg = Release|iPhoneSimulator
		{90935195-4732-4EC5-A7EE-7EC4DA2012FE}.AppStore|Any CPU.Build.0 = Release|iPhoneSimulator
		{90935195-4732-4EC5-A7EE-7EC4DA2012FE}.AppStore|ARM.ActiveCfg = Release|iPhoneSimulator
		{90935195-4732-4EC5-A7EE-7EC4DA2012FE}.AppStore|ARM.Build.0 = Release|iPhoneSimulator
		{90935195-4732-4EC5-A7EE-7EC4DA2012FE}.AppStore|ARM64.ActiveCfg = Release|iPhoneSimulator
		{90935195-4732-4EC5-A7EE-7EC4DA2012FE}.AppStore|ARM64.Build.0 = Release|iPhoneSimulator
		{90935195-4732-4EC5-A7EE-7EC4DA2012FE}.AppStore|iPhone.ActiveCfg = Release|iPhoneSimulator
		{90935195-4732-4EC5-A7EE-7EC4DA2012FE}.AppStore|iPhone.Build.0 = Release|iPhoneSimulator
		{90935195-4732-4EC5-A7EE-7EC4DA2012FE}.AppStore|iPhoneSimulator.ActiveCfg = Release|iPhoneSimulator
		{90935195-4732-4EC5-A7EE-7EC4DA2012FE}.AppStore|iPhoneSimulator.Build.0 = Release|iPhoneSimulator
		{90935195-4732-4EC5-A7EE-7EC4DA2012FE}.AppStore|x64.ActiveCfg = Release|iPhoneSimulator
		{90935195-4732-4EC5-A7EE-7EC4DA2012FE}.AppStore|x64.Build.0 = Release|iPhoneSimulator
		{90935195-4732-4EC5-A7EE-7EC4DA2012FE}.AppStore|x86.ActiveCfg = Release|iPhoneSimulator
		{90935195-4732-4EC5-A7EE-7EC4DA2012FE}.AppStore|x86.Build.0 = Release|iPhoneSimulator
		{90935195-4732-4EC5-A7EE-7EC4DA2012FE}.Debug|Any CPU.ActiveCfg = Debug|iPhoneSimulator
		{90935195-4732-4EC5-A7EE-7EC4DA2012FE}.Debug|ARM.ActiveCfg = Debug|iPhoneSimulator
		{90935195-4732-4EC5-A7EE-7EC4DA2012FE}.Debug|ARM64.ActiveCfg = Debug|iPhoneSimulator
		{90935195-4732-4EC5-A7EE-7EC4DA2012FE}.Debug|iPhone.ActiveCfg = Debug|iPhoneSimulator
		{90935195-4732-4EC5-A7EE-7EC4DA2012FE}.Debug|iPhoneSimulator.ActiveCfg = Debug|iPhoneSimulator
		{90935195-4732-4EC5-A7EE-7EC4DA2012FE}.Debug|iPhoneSimulator.Build.0 = Debug|iPhoneSimulator
		{90935195-4732-4EC5-A7EE-7EC4DA2012FE}.Debug|x64.ActiveCfg = Debug|iPhoneSimulator
		{90935195-4732-4EC5-A7EE-7EC4DA2012FE}.Debug|x86.ActiveCfg = Debug|iPhoneSimulator
		{90935195-4732-4EC5-A7EE-7EC4DA2012FE}.Release|Any CPU.ActiveCfg = Release|iPhoneSimulator
		{90935195-4732-4EC5-A7EE-7EC4DA2012FE}.Release|ARM.ActiveCfg = Release|iPhoneSimulator
		{90935195-4732-4EC5-A7EE-7EC4DA2012FE}.Release|ARM64.ActiveCfg = Release|iPhoneSimulator
		{90935195-4732-4EC5-A7EE-7EC4DA2012FE}.Release|iPhone.ActiveCfg = Release|iPhoneSimulator
		{90935195-4732-4EC5-A7EE-7EC4DA2012FE}.Release|iPhoneSimulator.ActiveCfg = Release|iPhoneSimulator
		{90935195-4732-4EC5-A7EE-7EC4DA2012FE}.Release|iPhoneSimulator.Build.0 = Release|iPhoneSimulator
		{90935195-4732-4EC5-A7EE-7EC4DA2012FE}.Release|x64.ActiveCfg = Release|iPhoneSimulator
		{90935195-4732-4EC5-A7EE-7EC4DA2012FE}.Release|x86.ActiveCfg = Release|iPhoneSimulator
	EndGlobalSection
	GlobalSection(SolutionProperties) = preSolution
		HideSolutionNode = FALSE
	EndGlobalSection
	GlobalSection(ExtensibilityGlobals) = postSolution
		SolutionGuid = {6374ADA8-1B6A-44C8-A71D-609CE59AB9D1}
	EndGlobalSection
EndGlobal
