
Microsoft Visual Studio Solution File, Format Version 12.00
# Visual Studio Version 16
VisualStudioVersion = 16.0.29418.71
MinimumVisualStudioVersion = 10.0.40219.1
Project("{FAE04EC0-301F-11D3-BF4B-00C04F79EFBC}") = "Builder", "Builder\Builder.csproj", "{F566D64B-8276-4C79-B210-E4ABD70A2D5C}"
EndProject
Global
	GlobalSection(SolutionConfigurationPlatforms) = preSolution
		Debug|Any CPU = Debug|Any CPU
		Release|Any CPU = Release|Any CPU
	EndGlobalSection
	GlobalSection(ProjectConfigurationPlatforms) = postSolution
		{F566D64B-8276-4C79-B210-E4ABD70A2D5C}.Debug|Any CPU.ActiveCfg = Debug|Any CPU
		{F566D64B-8276-4C79-B210-E4ABD70A2D5C}.Debug|Any CPU.Build.0 = Debug|Any CPU
		{F566D64B-8276-4C79-B210-E4ABD70A2D5C}.Release|Any CPU.ActiveCfg = Release|Any CPU
		{F566D64B-8276-4C79-B210-E4ABD70A2D5C}.Release|Any CPU.Build.0 = Release|Any CPU
	EndGlobalSection
	GlobalSection(SolutionProperties) = preSolution
		HideSolutionNode = FALSE
	EndGlobalSection
	GlobalSection(ExtensibilityGlobals) = postSolution
		SolutionGuid = {63702A7B-51CF-40AC-A08A-84E46A0BFD31}
	EndGlobalSection
EndGlobal
